{
  "nodes": {
    "nixpkgs": {
      "locked": {
        "lastModified": 1649117019,
        "narHash": "sha256-ID7nw/8MDgqj/cbJ0wy6AtQ9wp58hSnE6+weZwuHnso=",
        "owner": "NixOS",
        "repo": "nixpkgs",
        "rev": "ccb90fb9e11459aeaf83cc28d5f8910816d90dd0",
        "type": "github"
      },
      "original": {
        "id": "nixpkgs",
        "ref": "nixos-21.11",
        "type": "indirect"
      }
    },
    "root": {
      "inputs": {
        "nixpkgs": "nixpkgs"
      }
    }
  },
  "root": "root",
  "version": 7
}
